{
  "nodes": {
    "nixpkgs": {
      "locked": {
        "lastModified": 1727798627,
        "narHash": "sha256-TUakuERJe6qhRjuE29EDxSUGnvHWE5UgL5XaRVpvf70=",
        "owner": "NixOS",
        "repo": "nixpkgs",
        "rev": "9133b9f5554437083a6618581eeae88c53593b0d",
        "type": "github"
      },
      "original": {
        "owner": "NixOS",
        "ref": "master",
        "repo": "nixpkgs",
        "type": "github"
      }
    },
    "root": {
      "inputs": {
        "nixpkgs": "nixpkgs"
      }
    }
  },
  "root": "root",
  "version": 7
}
